// !$*UTF8*$!
{
	archiveVersion = 1;
	classes = {
	};
	objectVersion = 51;
	objects = {

/* Begin PBXBuildFile section */
		27600D0A1AFC205B893C188E /* Pods_MangoPlate_iOS_clone.framework in Frameworks */ = {isa = PBXBuildFile; fileRef = B7A709C29EFBDA573F4AC7E8 /* Pods_MangoPlate_iOS_clone.framework */; };
		5A4B1FB9D37B890AFABA1586 /* Pods_MangoPlate_iOS_cloneTests.framework in Frameworks */ = {isa = PBXBuildFile; fileRef = 7DAB35D251E43733A05FB33F /* Pods_MangoPlate_iOS_cloneTests.framework */; };
		973FC43CF9D152E0E6872ED9 /* Pods_MangoPlate_iOS_clone_MangoPlate_iOS_cloneUITests.framework in Frameworks */ = {isa = PBXBuildFile; fileRef = 8FD323D692F006E31ED606AC /* Pods_MangoPlate_iOS_clone_MangoPlate_iOS_cloneUITests.framework */; };
		BB0D9C6B26CDAC3A0099B9CA /* AppDelegate.swift in Sources */ = {isa = PBXBuildFile; fileRef = BB0D9C6A26CDAC3A0099B9CA /* AppDelegate.swift */; };
		BB0D9C6D26CDAC3A0099B9CA /* SceneDelegate.swift in Sources */ = {isa = PBXBuildFile; fileRef = BB0D9C6C26CDAC3A0099B9CA /* SceneDelegate.swift */; };
		BB0D9C7426CDAC3B0099B9CA /* Assets.xcassets in Resources */ = {isa = PBXBuildFile; fileRef = BB0D9C7326CDAC3B0099B9CA /* Assets.xcassets */; };
		BB0D9C8226CDAC3B0099B9CA /* MangoPlate_iOS_cloneTests.swift in Sources */ = {isa = PBXBuildFile; fileRef = BB0D9C8126CDAC3B0099B9CA /* MangoPlate_iOS_cloneTests.swift */; };
		BB0D9C8D26CDAC3B0099B9CA /* MangoPlate_iOS_cloneUITests.swift in Sources */ = {isa = PBXBuildFile; fileRef = BB0D9C8C26CDAC3B0099B9CA /* MangoPlate_iOS_cloneUITests.swift */; };
		BB0D9CAA26CDAF960099B9CA /* Constant.swift in Sources */ = {isa = PBXBuildFile; fileRef = BB0D9CA926CDAF960099B9CA /* Constant.swift */; };
		BB0D9CAE26CDB00E0099B9CA /* SplashViewController.swift in Sources */ = {isa = PBXBuildFile; fileRef = BB0D9CAC26CDB00E0099B9CA /* SplashViewController.swift */; };
		BB0D9CB626CDB0A40099B9CA /* MangoPickViewController.swift in Sources */ = {isa = PBXBuildFile; fileRef = BB0D9CB426CDB0A40099B9CA /* MangoPickViewController.swift */; };
		BB0D9CBB26CDB0BC0099B9CA /* NewsViewController.swift in Sources */ = {isa = PBXBuildFile; fileRef = BB0D9CB926CDB0BC0099B9CA /* NewsViewController.swift */; };
		BB0D9CBC26CDB0BC0099B9CA /* NewsViewController.xib in Resources */ = {isa = PBXBuildFile; fileRef = BB0D9CBA26CDB0BC0099B9CA /* NewsViewController.xib */; };
		BB0D9CC726CDB13B0099B9CA /* LoginRequestViewController.swift in Sources */ = {isa = PBXBuildFile; fileRef = BB0D9CC526CDB13B0099B9CA /* LoginRequestViewController.swift */; };
		BB0D9CCB26CDB1480099B9CA /* LoginViewController.swift in Sources */ = {isa = PBXBuildFile; fileRef = BB0D9CC926CDB1480099B9CA /* LoginViewController.swift */; };
		BB0D9CCC26CDB1480099B9CA /* LoginViewController.xib in Resources */ = {isa = PBXBuildFile; fileRef = BB0D9CCA26CDB1480099B9CA /* LoginViewController.xib */; };
		BB0D9CCF26CDB16B0099B9CA /* SignUpViewController.swift in Sources */ = {isa = PBXBuildFile; fileRef = BB0D9CCD26CDB16B0099B9CA /* SignUpViewController.swift */; };
		BB0D9CD026CDB16B0099B9CA /* SignUpViewController.xib in Resources */ = {isa = PBXBuildFile; fileRef = BB0D9CCE26CDB16B0099B9CA /* SignUpViewController.xib */; };
		BB0D9CD226CDB5180099B9CA /* LoginResponse.swift in Sources */ = {isa = PBXBuildFile; fileRef = BB0D9CD126CDB5180099B9CA /* LoginResponse.swift */; };
		BB0D9CD426CDB5310099B9CA /* LoginInput.swift in Sources */ = {isa = PBXBuildFile; fileRef = BB0D9CD326CDB5310099B9CA /* LoginInput.swift */; };
		BB0D9CD626CDB5460099B9CA /* LoginDataManager.swift in Sources */ = {isa = PBXBuildFile; fileRef = BB0D9CD526CDB5460099B9CA /* LoginDataManager.swift */; };
		BB0D9CD826CDB55B0099B9CA /* JwtToken.swift in Sources */ = {isa = PBXBuildFile; fileRef = BB0D9CD726CDB55B0099B9CA /* JwtToken.swift */; };
		BB0D9CDA26CDB7F30099B9CA /* SignUpInput.swift in Sources */ = {isa = PBXBuildFile; fileRef = BB0D9CD926CDB7F30099B9CA /* SignUpInput.swift */; };
		BB0D9CDC26CDB8000099B9CA /* SignUpResponse.swift in Sources */ = {isa = PBXBuildFile; fileRef = BB0D9CDB26CDB8000099B9CA /* SignUpResponse.swift */; };
		BB0D9CDE26CDB8C00099B9CA /* SignUpDataManager.swift in Sources */ = {isa = PBXBuildFile; fileRef = BB0D9CDD26CDB8C00099B9CA /* SignUpDataManager.swift */; };
		BB0D9CE126CE18D60099B9CA /* AuthPhoneNumController.swift in Sources */ = {isa = PBXBuildFile; fileRef = BB0D9CDF26CE18D60099B9CA /* AuthPhoneNumController.swift */; };
		BB0D9CE226CE18D60099B9CA /* AuthPhoneNumController.xib in Resources */ = {isa = PBXBuildFile; fileRef = BB0D9CE026CE18D60099B9CA /* AuthPhoneNumController.xib */; };
		BB0D9CE926CE4A100099B9CA /* EnterNameViewController.swift in Sources */ = {isa = PBXBuildFile; fileRef = BB0D9CE726CE4A100099B9CA /* EnterNameViewController.swift */; };
		BB0D9CEA26CE4A100099B9CA /* EnterNameViewController.xib in Resources */ = {isa = PBXBuildFile; fileRef = BB0D9CE826CE4A100099B9CA /* EnterNameViewController.xib */; };
		BB0D9CEE26CED8780099B9CA /* TabBar.storyboard in Resources */ = {isa = PBXBuildFile; fileRef = BB0D9CED26CED8780099B9CA /* TabBar.storyboard */; };
		BB0D9CF026CED88D0099B9CA /* TabBarViewController.swift in Sources */ = {isa = PBXBuildFile; fileRef = BB0D9CEF26CED88D0099B9CA /* TabBarViewController.swift */; };
		BB0D9CF426CFF6E90099B9CA /* BannerCollectionViewCell.swift in Sources */ = {isa = PBXBuildFile; fileRef = BB0D9CF226CFF6E90099B9CA /* BannerCollectionViewCell.swift */; };
		BB0D9CF526CFF6E90099B9CA /* BannerCollectionViewCell.xib in Resources */ = {isa = PBXBuildFile; fileRef = BB0D9CF326CFF6E90099B9CA /* BannerCollectionViewCell.xib */; };
		BB0D9CF826D024E00099B9CA /* HomeViewController.swift in Sources */ = {isa = PBXBuildFile; fileRef = BB0D9CF626D024E00099B9CA /* HomeViewController.swift */; };
		BB0D9CF926D024E00099B9CA /* HomeViewController.xib in Resources */ = {isa = PBXBuildFile; fileRef = BB0D9CF726D024E00099B9CA /* HomeViewController.xib */; };
		BB0D9CFC26D04DD80099B9CA /* StoresCollectionViewCell.swift in Sources */ = {isa = PBXBuildFile; fileRef = BB0D9CFA26D04DD80099B9CA /* StoresCollectionViewCell.swift */; };
		BB0D9CFD26D04DD80099B9CA /* StoresCollectionViewCell.xib in Resources */ = {isa = PBXBuildFile; fileRef = BB0D9CFB26D04DD80099B9CA /* StoresCollectionViewCell.xib */; };
		BB0D9D0226D102A20099B9CA /* HomeResponse.swift in Sources */ = {isa = PBXBuildFile; fileRef = BB0D9D0126D102A20099B9CA /* HomeResponse.swift */; };
		BB0D9D0626D102B40099B9CA /* HomeDataManager.swift in Sources */ = {isa = PBXBuildFile; fileRef = BB0D9D0526D102B40099B9CA /* HomeDataManager.swift */; };
		BB0D9D0826D194CF0099B9CA /* Profile.storyboard in Resources */ = {isa = PBXBuildFile; fileRef = BB0D9D0726D194CF0099B9CA /* Profile.storyboard */; };
		BB0D9D0A26D2416B0099B9CA /* Main.storyboard in Resources */ = {isa = PBXBuildFile; fileRef = BB0D9D0926D2416B0099B9CA /* Main.storyboard */; };
		BB0D9D0C26D247D90099B9CA /* ProfileTableViewController.swift in Sources */ = {isa = PBXBuildFile; fileRef = BB0D9D0B26D247D90099B9CA /* ProfileTableViewController.swift */; };
		BB0D9D0E26D248650099B9CA /* ProfileViewController.swift in Sources */ = {isa = PBXBuildFile; fileRef = BB0D9D0D26D248650099B9CA /* ProfileViewController.swift */; };
		BB0D9D4C26D25A3B0099B9CA /* Home.storyboard in Resources */ = {isa = PBXBuildFile; fileRef = BB0D9D4B26D25A3B0099B9CA /* Home.storyboard */; };
		BB0D9D4E26D25A7E0099B9CA /* Login.storyboard in Resources */ = {isa = PBXBuildFile; fileRef = BB0D9D4D26D25A7E0099B9CA /* Login.storyboard */; };
		BB0D9D5226D25B460099B9CA /* Splash.storyboard in Resources */ = {isa = PBXBuildFile; fileRef = BB0D9D5126D25B460099B9CA /* Splash.storyboard */; };
		BB0D9D5426D266770099B9CA /* LaunchScreen.storyboard in Resources */ = {isa = PBXBuildFile; fileRef = BB0D9D5326D266770099B9CA /* LaunchScreen.storyboard */; };
		BB0D9D5726D2E90F0099B9CA /* StoreCell.swift in Sources */ = {isa = PBXBuildFile; fileRef = BB0D9D5626D2E90F0099B9CA /* StoreCell.swift */; };
		BB0D9D5B26D2FFA60099B9CA /* ProfileDataManager.swift in Sources */ = {isa = PBXBuildFile; fileRef = BB0D9D5A26D2FFA60099B9CA /* ProfileDataManager.swift */; };
		BB0D9D5D26D3155D0099B9CA /* ProfileResponse.swift in Sources */ = {isa = PBXBuildFile; fileRef = BB0D9D5C26D3155D0099B9CA /* ProfileResponse.swift */; };
/* End PBXBuildFile section */

/* Begin PBXContainerItemProxy section */
		BB0D9C7E26CDAC3B0099B9CA /* PBXContainerItemProxy */ = {
			isa = PBXContainerItemProxy;
			containerPortal = BB0D9C5F26CDAC3A0099B9CA /* Project object */;
			proxyType = 1;
			remoteGlobalIDString = BB0D9C6626CDAC3A0099B9CA;
			remoteInfo = "MangoPlate-iOS-clone";
		};
		BB0D9C8926CDAC3B0099B9CA /* PBXContainerItemProxy */ = {
			isa = PBXContainerItemProxy;
			containerPortal = BB0D9C5F26CDAC3A0099B9CA /* Project object */;
			proxyType = 1;
			remoteGlobalIDString = BB0D9C6626CDAC3A0099B9CA;
			remoteInfo = "MangoPlate-iOS-clone";
		};
/* End PBXContainerItemProxy section */

/* Begin PBXFileReference section */
		26B291DF1FF1170829807C47 /* Pods-MangoPlate-iOS-clone.release.xcconfig */ = {isa = PBXFileReference; includeInIndex = 1; lastKnownFileType = text.xcconfig; name = "Pods-MangoPlate-iOS-clone.release.xcconfig"; path = "Target Support Files/Pods-MangoPlate-iOS-clone/Pods-MangoPlate-iOS-clone.release.xcconfig"; sourceTree = "<group>"; };
		6DEE2218E5FB0E306131CF24 /* Pods-MangoPlate-iOS-clone-MangoPlate-iOS-cloneUITests.release.xcconfig */ = {isa = PBXFileReference; includeInIndex = 1; lastKnownFileType = text.xcconfig; name = "Pods-MangoPlate-iOS-clone-MangoPlate-iOS-cloneUITests.release.xcconfig"; path = "Target Support Files/Pods-MangoPlate-iOS-clone-MangoPlate-iOS-cloneUITests/Pods-MangoPlate-iOS-clone-MangoPlate-iOS-cloneUITests.release.xcconfig"; sourceTree = "<group>"; };
		7221933FB01C29B46F0B6E6E /* Pods-MangoPlate-iOS-clone-MangoPlate-iOS-cloneUITests.debug.xcconfig */ = {isa = PBXFileReference; includeInIndex = 1; lastKnownFileType = text.xcconfig; name = "Pods-MangoPlate-iOS-clone-MangoPlate-iOS-cloneUITests.debug.xcconfig"; path = "Target Support Files/Pods-MangoPlate-iOS-clone-MangoPlate-iOS-cloneUITests/Pods-MangoPlate-iOS-clone-MangoPlate-iOS-cloneUITests.debug.xcconfig"; sourceTree = "<group>"; };
		7DAB35D251E43733A05FB33F /* Pods_MangoPlate_iOS_cloneTests.framework */ = {isa = PBXFileReference; explicitFileType = wrapper.framework; includeInIndex = 0; path = Pods_MangoPlate_iOS_cloneTests.framework; sourceTree = BUILT_PRODUCTS_DIR; };
		8FD323D692F006E31ED606AC /* Pods_MangoPlate_iOS_clone_MangoPlate_iOS_cloneUITests.framework */ = {isa = PBXFileReference; explicitFileType = wrapper.framework; includeInIndex = 0; path = Pods_MangoPlate_iOS_clone_MangoPlate_iOS_cloneUITests.framework; sourceTree = BUILT_PRODUCTS_DIR; };
		9787627A59FA7618C9AFDD40 /* Pods-MangoPlate-iOS-clone.debug.xcconfig */ = {isa = PBXFileReference; includeInIndex = 1; lastKnownFileType = text.xcconfig; name = "Pods-MangoPlate-iOS-clone.debug.xcconfig"; path = "Target Support Files/Pods-MangoPlate-iOS-clone/Pods-MangoPlate-iOS-clone.debug.xcconfig"; sourceTree = "<group>"; };
		B7A709C29EFBDA573F4AC7E8 /* Pods_MangoPlate_iOS_clone.framework */ = {isa = PBXFileReference; explicitFileType = wrapper.framework; includeInIndex = 0; path = Pods_MangoPlate_iOS_clone.framework; sourceTree = BUILT_PRODUCTS_DIR; };
		BB0D9C6726CDAC3A0099B9CA /* MangoPlate-iOS-clone.app */ = {isa = PBXFileReference; explicitFileType = wrapper.application; includeInIndex = 0; path = "MangoPlate-iOS-clone.app"; sourceTree = BUILT_PRODUCTS_DIR; };
		BB0D9C6A26CDAC3A0099B9CA /* AppDelegate.swift */ = {isa = PBXFileReference; lastKnownFileType = sourcecode.swift; path = AppDelegate.swift; sourceTree = "<group>"; };
		BB0D9C6C26CDAC3A0099B9CA /* SceneDelegate.swift */ = {isa = PBXFileReference; lastKnownFileType = sourcecode.swift; path = SceneDelegate.swift; sourceTree = "<group>"; };
		BB0D9C7326CDAC3B0099B9CA /* Assets.xcassets */ = {isa = PBXFileReference; lastKnownFileType = folder.assetcatalog; path = Assets.xcassets; sourceTree = "<group>"; };
		BB0D9C7826CDAC3B0099B9CA /* Info.plist */ = {isa = PBXFileReference; lastKnownFileType = text.plist.xml; path = Info.plist; sourceTree = "<group>"; };
		BB0D9C7D26CDAC3B0099B9CA /* MangoPlate-iOS-cloneTests.xctest */ = {isa = PBXFileReference; explicitFileType = wrapper.cfbundle; includeInIndex = 0; path = "MangoPlate-iOS-cloneTests.xctest"; sourceTree = BUILT_PRODUCTS_DIR; };
		BB0D9C8126CDAC3B0099B9CA /* MangoPlate_iOS_cloneTests.swift */ = {isa = PBXFileReference; lastKnownFileType = sourcecode.swift; path = MangoPlate_iOS_cloneTests.swift; sourceTree = "<group>"; };
		BB0D9C8326CDAC3B0099B9CA /* Info.plist */ = {isa = PBXFileReference; lastKnownFileType = text.plist.xml; path = Info.plist; sourceTree = "<group>"; };
		BB0D9C8826CDAC3B0099B9CA /* MangoPlate-iOS-cloneUITests.xctest */ = {isa = PBXFileReference; explicitFileType = wrapper.cfbundle; includeInIndex = 0; path = "MangoPlate-iOS-cloneUITests.xctest"; sourceTree = BUILT_PRODUCTS_DIR; };
		BB0D9C8C26CDAC3B0099B9CA /* MangoPlate_iOS_cloneUITests.swift */ = {isa = PBXFileReference; lastKnownFileType = sourcecode.swift; path = MangoPlate_iOS_cloneUITests.swift; sourceTree = "<group>"; };
		BB0D9C8E26CDAC3B0099B9CA /* Info.plist */ = {isa = PBXFileReference; lastKnownFileType = text.plist.xml; path = Info.plist; sourceTree = "<group>"; };
		BB0D9CA926CDAF960099B9CA /* Constant.swift */ = {isa = PBXFileReference; lastKnownFileType = sourcecode.swift; path = Constant.swift; sourceTree = "<group>"; };
		BB0D9CAC26CDB00E0099B9CA /* SplashViewController.swift */ = {isa = PBXFileReference; lastKnownFileType = sourcecode.swift; path = SplashViewController.swift; sourceTree = "<group>"; };
		BB0D9CB426CDB0A40099B9CA /* MangoPickViewController.swift */ = {isa = PBXFileReference; lastKnownFileType = sourcecode.swift; path = MangoPickViewController.swift; sourceTree = "<group>"; };
		BB0D9CB926CDB0BC0099B9CA /* NewsViewController.swift */ = {isa = PBXFileReference; lastKnownFileType = sourcecode.swift; path = NewsViewController.swift; sourceTree = "<group>"; };
		BB0D9CBA26CDB0BC0099B9CA /* NewsViewController.xib */ = {isa = PBXFileReference; lastKnownFileType = file.xib; path = NewsViewController.xib; sourceTree = "<group>"; };
		BB0D9CC526CDB13B0099B9CA /* LoginRequestViewController.swift */ = {isa = PBXFileReference; lastKnownFileType = sourcecode.swift; path = LoginRequestViewController.swift; sourceTree = "<group>"; };
		BB0D9CC926CDB1480099B9CA /* LoginViewController.swift */ = {isa = PBXFileReference; lastKnownFileType = sourcecode.swift; path = LoginViewController.swift; sourceTree = "<group>"; };
		BB0D9CCA26CDB1480099B9CA /* LoginViewController.xib */ = {isa = PBXFileReference; lastKnownFileType = file.xib; path = LoginViewController.xib; sourceTree = "<group>"; };
		BB0D9CCD26CDB16B0099B9CA /* SignUpViewController.swift */ = {isa = PBXFileReference; lastKnownFileType = sourcecode.swift; path = SignUpViewController.swift; sourceTree = "<group>"; };
		BB0D9CCE26CDB16B0099B9CA /* SignUpViewController.xib */ = {isa = PBXFileReference; lastKnownFileType = file.xib; path = SignUpViewController.xib; sourceTree = "<group>"; };
		BB0D9CD126CDB5180099B9CA /* LoginResponse.swift */ = {isa = PBXFileReference; lastKnownFileType = sourcecode.swift; path = LoginResponse.swift; sourceTree = "<group>"; };
		BB0D9CD326CDB5310099B9CA /* LoginInput.swift */ = {isa = PBXFileReference; lastKnownFileType = sourcecode.swift; path = LoginInput.swift; sourceTree = "<group>"; };
		BB0D9CD526CDB5460099B9CA /* LoginDataManager.swift */ = {isa = PBXFileReference; lastKnownFileType = sourcecode.swift; path = LoginDataManager.swift; sourceTree = "<group>"; };
		BB0D9CD726CDB55B0099B9CA /* JwtToken.swift */ = {isa = PBXFileReference; lastKnownFileType = sourcecode.swift; path = JwtToken.swift; sourceTree = "<group>"; };
		BB0D9CD926CDB7F30099B9CA /* SignUpInput.swift */ = {isa = PBXFileReference; lastKnownFileType = sourcecode.swift; path = SignUpInput.swift; sourceTree = "<group>"; };
		BB0D9CDB26CDB8000099B9CA /* SignUpResponse.swift */ = {isa = PBXFileReference; lastKnownFileType = sourcecode.swift; path = SignUpResponse.swift; sourceTree = "<group>"; };
		BB0D9CDD26CDB8C00099B9CA /* SignUpDataManager.swift */ = {isa = PBXFileReference; lastKnownFileType = sourcecode.swift; path = SignUpDataManager.swift; sourceTree = "<group>"; };
		BB0D9CDF26CE18D60099B9CA /* AuthPhoneNumController.swift */ = {isa = PBXFileReference; lastKnownFileType = sourcecode.swift; path = AuthPhoneNumController.swift; sourceTree = "<group>"; };
		BB0D9CE026CE18D60099B9CA /* AuthPhoneNumController.xib */ = {isa = PBXFileReference; lastKnownFileType = file.xib; path = AuthPhoneNumController.xib; sourceTree = "<group>"; };
		BB0D9CE726CE4A100099B9CA /* EnterNameViewController.swift */ = {isa = PBXFileReference; lastKnownFileType = sourcecode.swift; path = EnterNameViewController.swift; sourceTree = "<group>"; };
		BB0D9CE826CE4A100099B9CA /* EnterNameViewController.xib */ = {isa = PBXFileReference; lastKnownFileType = file.xib; path = EnterNameViewController.xib; sourceTree = "<group>"; };
		BB0D9CED26CED8780099B9CA /* TabBar.storyboard */ = {isa = PBXFileReference; lastKnownFileType = file.storyboard; path = TabBar.storyboard; sourceTree = "<group>"; };
		BB0D9CEF26CED88D0099B9CA /* TabBarViewController.swift */ = {isa = PBXFileReference; lastKnownFileType = sourcecode.swift; path = TabBarViewController.swift; sourceTree = "<group>"; };
		BB0D9CF226CFF6E90099B9CA /* BannerCollectionViewCell.swift */ = {isa = PBXFileReference; lastKnownFileType = sourcecode.swift; path = BannerCollectionViewCell.swift; sourceTree = "<group>"; };
		BB0D9CF326CFF6E90099B9CA /* BannerCollectionViewCell.xib */ = {isa = PBXFileReference; lastKnownFileType = file.xib; path = BannerCollectionViewCell.xib; sourceTree = "<group>"; };
		BB0D9CF626D024E00099B9CA /* HomeViewController.swift */ = {isa = PBXFileReference; lastKnownFileType = sourcecode.swift; path = HomeViewController.swift; sourceTree = "<group>"; };
		BB0D9CF726D024E00099B9CA /* HomeViewController.xib */ = {isa = PBXFileReference; lastKnownFileType = file.xib; path = HomeViewController.xib; sourceTree = "<group>"; };
		BB0D9CFA26D04DD80099B9CA /* StoresCollectionViewCell.swift */ = {isa = PBXFileReference; lastKnownFileType = sourcecode.swift; path = StoresCollectionViewCell.swift; sourceTree = "<group>"; };
		BB0D9CFB26D04DD80099B9CA /* StoresCollectionViewCell.xib */ = {isa = PBXFileReference; lastKnownFileType = file.xib; path = StoresCollectionViewCell.xib; sourceTree = "<group>"; };
		BB0D9CFE26D0F5590099B9CA /* README.md */ = {isa = PBXFileReference; lastKnownFileType = net.daringfireball.markdown; path = README.md; sourceTree = "<group>"; };
		BB0D9D0126D102A20099B9CA /* HomeResponse.swift */ = {isa = PBXFileReference; lastKnownFileType = sourcecode.swift; path = HomeResponse.swift; sourceTree = "<group>"; };
		BB0D9D0526D102B40099B9CA /* HomeDataManager.swift */ = {isa = PBXFileReference; lastKnownFileType = sourcecode.swift; path = HomeDataManager.swift; sourceTree = "<group>"; };
		BB0D9D0726D194CF0099B9CA /* Profile.storyboard */ = {isa = PBXFileReference; lastKnownFileType = file.storyboard; path = Profile.storyboard; sourceTree = "<group>"; };
		BB0D9D0926D2416B0099B9CA /* Main.storyboard */ = {isa = PBXFileReference; lastKnownFileType = file.storyboard; path = Main.storyboard; sourceTree = "<group>"; };
		BB0D9D0B26D247D90099B9CA /* ProfileTableViewController.swift */ = {isa = PBXFileReference; lastKnownFileType = sourcecode.swift; path = ProfileTableViewController.swift; sourceTree = "<group>"; };
		BB0D9D0D26D248650099B9CA /* ProfileViewController.swift */ = {isa = PBXFileReference; lastKnownFileType = sourcecode.swift; path = ProfileViewController.swift; sourceTree = "<group>"; };
		BB0D9D4B26D25A3B0099B9CA /* Home.storyboard */ = {isa = PBXFileReference; lastKnownFileType = file.storyboard; path = Home.storyboard; sourceTree = "<group>"; };
		BB0D9D4D26D25A7E0099B9CA /* Login.storyboard */ = {isa = PBXFileReference; lastKnownFileType = file.storyboard; path = Login.storyboard; sourceTree = "<group>"; };
		BB0D9D5126D25B460099B9CA /* Splash.storyboard */ = {isa = PBXFileReference; lastKnownFileType = file.storyboard; path = Splash.storyboard; sourceTree = "<group>"; };
		BB0D9D5326D266770099B9CA /* LaunchScreen.storyboard */ = {isa = PBXFileReference; lastKnownFileType = file.storyboard; path = LaunchScreen.storyboard; sourceTree = "<group>"; };
		BB0D9D5626D2E90F0099B9CA /* StoreCell.swift */ = {isa = PBXFileReference; lastKnownFileType = sourcecode.swift; path = StoreCell.swift; sourceTree = "<group>"; };
		BB0D9D5A26D2FFA60099B9CA /* ProfileDataManager.swift */ = {isa = PBXFileReference; lastKnownFileType = sourcecode.swift; path = ProfileDataManager.swift; sourceTree = "<group>"; };
		BB0D9D5C26D3155D0099B9CA /* ProfileResponse.swift */ = {isa = PBXFileReference; lastKnownFileType = sourcecode.swift; path = ProfileResponse.swift; sourceTree = "<group>"; };
		E5F8F35716B7A8FA926E589D /* Pods-MangoPlate-iOS-cloneTests.debug.xcconfig */ = {isa = PBXFileReference; includeInIndex = 1; lastKnownFileType = text.xcconfig; name = "Pods-MangoPlate-iOS-cloneTests.debug.xcconfig"; path = "Target Support Files/Pods-MangoPlate-iOS-cloneTests/Pods-MangoPlate-iOS-cloneTests.debug.xcconfig"; sourceTree = "<group>"; };
		F2BAC85DEC46C89A6E5B7319 /* Pods-MangoPlate-iOS-cloneTests.release.xcconfig */ = {isa = PBXFileReference; includeInIndex = 1; lastKnownFileType = text.xcconfig; name = "Pods-MangoPlate-iOS-cloneTests.release.xcconfig"; path = "Target Support Files/Pods-MangoPlate-iOS-cloneTests/Pods-MangoPlate-iOS-cloneTests.release.xcconfig"; sourceTree = "<group>"; };
/* End PBXFileReference section */

/* Begin PBXFrameworksBuildPhase section */
		BB0D9C6426CDAC3A0099B9CA /* Frameworks */ = {
			isa = PBXFrameworksBuildPhase;
			buildActionMask = 2147483647;
			files = (
				27600D0A1AFC205B893C188E /* Pods_MangoPlate_iOS_clone.framework in Frameworks */,
			);
			runOnlyForDeploymentPostprocessing = 0;
		};
		BB0D9C7A26CDAC3B0099B9CA /* Frameworks */ = {
			isa = PBXFrameworksBuildPhase;
			buildActionMask = 2147483647;
			files = (
				5A4B1FB9D37B890AFABA1586 /* Pods_MangoPlate_iOS_cloneTests.framework in Frameworks */,
			);
			runOnlyForDeploymentPostprocessing = 0;
		};
		BB0D9C8526CDAC3B0099B9CA /* Frameworks */ = {
			isa = PBXFrameworksBuildPhase;
			buildActionMask = 2147483647;
			files = (
				973FC43CF9D152E0E6872ED9 /* Pods_MangoPlate_iOS_clone_MangoPlate_iOS_cloneUITests.framework in Frameworks */,
			);
			runOnlyForDeploymentPostprocessing = 0;
		};
/* End PBXFrameworksBuildPhase section */

/* Begin PBXGroup section */
		0BD0F73B06BD6D47DC9994F6 /* Frameworks */ = {
			isa = PBXGroup;
			children = (
				B7A709C29EFBDA573F4AC7E8 /* Pods_MangoPlate_iOS_clone.framework */,
				8FD323D692F006E31ED606AC /* Pods_MangoPlate_iOS_clone_MangoPlate_iOS_cloneUITests.framework */,
				7DAB35D251E43733A05FB33F /* Pods_MangoPlate_iOS_cloneTests.framework */,
			);
			name = Frameworks;
			sourceTree = "<group>";
		};
		BB0D9C5E26CDAC3A0099B9CA = {
			isa = PBXGroup;
			children = (
				BB0D9C6926CDAC3A0099B9CA /* MangoPlate-iOS-clone */,
				BB0D9CFE26D0F5590099B9CA /* README.md */,
				BB0D9C8026CDAC3B0099B9CA /* MangoPlate-iOS-cloneTests */,
				BB0D9C8B26CDAC3B0099B9CA /* MangoPlate-iOS-cloneUITests */,
				BB0D9C6826CDAC3A0099B9CA /* Products */,
				E13C8EE5BD88167B58B21588 /* Pods */,
				0BD0F73B06BD6D47DC9994F6 /* Frameworks */,
			);
			sourceTree = "<group>";
		};
		BB0D9C6826CDAC3A0099B9CA /* Products */ = {
			isa = PBXGroup;
			children = (
				BB0D9C6726CDAC3A0099B9CA /* MangoPlate-iOS-clone.app */,
				BB0D9C7D26CDAC3B0099B9CA /* MangoPlate-iOS-cloneTests.xctest */,
				BB0D9C8826CDAC3B0099B9CA /* MangoPlate-iOS-cloneUITests.xctest */,
			);
			name = Products;
			sourceTree = "<group>";
		};
		BB0D9C6926CDAC3A0099B9CA /* MangoPlate-iOS-clone */ = {
			isa = PBXGroup;
			children = (
				BB0D9CA826CDAF830099B9CA /* Configuration */,
				BB0D9C9F26CDAEB50099B9CA /* Sources */,
				BB0D9D5526D2AFBB0099B9CA /* Resource */,
				BB0D9D0926D2416B0099B9CA /* Main.storyboard */,
				BB0D9C7826CDAC3B0099B9CA /* Info.plist */,
			);
			path = "MangoPlate-iOS-clone";
			sourceTree = "<group>";
		};
		BB0D9C8026CDAC3B0099B9CA /* MangoPlate-iOS-cloneTests */ = {
			isa = PBXGroup;
			children = (
				BB0D9C8126CDAC3B0099B9CA /* MangoPlate_iOS_cloneTests.swift */,
				BB0D9C8326CDAC3B0099B9CA /* Info.plist */,
			);
			path = "MangoPlate-iOS-cloneTests";
			sourceTree = "<group>";
		};
		BB0D9C8B26CDAC3B0099B9CA /* MangoPlate-iOS-cloneUITests */ = {
			isa = PBXGroup;
			children = (
				BB0D9C8C26CDAC3B0099B9CA /* MangoPlate_iOS_cloneUITests.swift */,
				BB0D9C8E26CDAC3B0099B9CA /* Info.plist */,
			);
			path = "MangoPlate-iOS-cloneUITests";
			sourceTree = "<group>";
		};
		BB0D9C9F26CDAEB50099B9CA /* Sources */ = {
			isa = PBXGroup;
			children = (
				BB0D9CA126CDAED20099B9CA /* Screen */,
				BB0D9CA026CDAECA0099B9CA /* Splash */,
			);
			path = Sources;
			sourceTree = "<group>";
		};
		BB0D9CA026CDAECA0099B9CA /* Splash */ = {
			isa = PBXGroup;
			children = (
				BB0D9CAC26CDB00E0099B9CA /* SplashViewController.swift */,
				BB0D9D5126D25B460099B9CA /* Splash.storyboard */,
			);
			path = Splash;
			sourceTree = "<group>";
		};
		BB0D9CA126CDAED20099B9CA /* Screen */ = {
			isa = PBXGroup;
			children = (
				BB0D9CA726CDAEFA0099B9CA /* Home */,
				BB0D9CA626CDAEF40099B9CA /* MangoPick */,
				BB0D9CA526CDAEEF0099B9CA /* News */,
				BB0D9CA426CDAEE90099B9CA /* Profile */,
				BB0D9CA326CDAEE10099B9CA /* Login */,
				BB0D9CA226CDAED80099B9CA /* SignUp */,
				BB0D9CED26CED8780099B9CA /* TabBar.storyboard */,
				BB0D9CEF26CED88D0099B9CA /* TabBarViewController.swift */,
				BB0D9D5326D266770099B9CA /* LaunchScreen.storyboard */,
			);
			path = Screen;
			sourceTree = "<group>";
		};
		BB0D9CA226CDAED80099B9CA /* SignUp */ = {
			isa = PBXGroup;
			children = (
				BB0D9CC426CDB0EB0099B9CA /* Entity */,
				BB0D9CC326CDB0E10099B9CA /* DataManager */,
				BB0D9CCD26CDB16B0099B9CA /* SignUpViewController.swift */,
				BB0D9CCE26CDB16B0099B9CA /* SignUpViewController.xib */,
				BB0D9CDF26CE18D60099B9CA /* AuthPhoneNumController.swift */,
				BB0D9CE026CE18D60099B9CA /* AuthPhoneNumController.xib */,
				BB0D9CE726CE4A100099B9CA /* EnterNameViewController.swift */,
				BB0D9CE826CE4A100099B9CA /* EnterNameViewController.xib */,
			);
			path = SignUp;
			sourceTree = "<group>";
		};
		BB0D9CA326CDAEE10099B9CA /* Login */ = {
			isa = PBXGroup;
			children = (
				BB0D9CC226CDB0D90099B9CA /* Entity */,
				BB0D9CC126CDB0D00099B9CA /* DataManager */,
				BB0D9CC526CDB13B0099B9CA /* LoginRequestViewController.swift */,
				BB0D9CC926CDB1480099B9CA /* LoginViewController.swift */,
				BB0D9CCA26CDB1480099B9CA /* LoginViewController.xib */,
				BB0D9D4D26D25A7E0099B9CA /* Login.storyboard */,
			);
			path = Login;
			sourceTree = "<group>";
		};
		BB0D9CA426CDAEE90099B9CA /* Profile */ = {
			isa = PBXGroup;
			children = (
				BB0D9D5926D2FF230099B9CA /* Entity */,
				BB0D9D5826D2FF180099B9CA /* DataManager */,
				BB0D9D0726D194CF0099B9CA /* Profile.storyboard */,
				BB0D9D0B26D247D90099B9CA /* ProfileTableViewController.swift */,
				BB0D9D0D26D248650099B9CA /* ProfileViewController.swift */,
			);
			path = Profile;
			sourceTree = "<group>";
		};
		BB0D9CA526CDAEEF0099B9CA /* News */ = {
			isa = PBXGroup;
			children = (
				BB0D9CB926CDB0BC0099B9CA /* NewsViewController.swift */,
				BB0D9CBA26CDB0BC0099B9CA /* NewsViewController.xib */,
			);
			path = News;
			sourceTree = "<group>";
		};
		BB0D9CA626CDAEF40099B9CA /* MangoPick */ = {
			isa = PBXGroup;
			children = (
				BB0D9CB426CDB0A40099B9CA /* MangoPickViewController.swift */,
			);
			path = MangoPick;
			sourceTree = "<group>";
		};
		BB0D9CA726CDAEFA0099B9CA /* Home */ = {
			isa = PBXGroup;
			children = (
				BB0D9D0026D102800099B9CA /* Entity */,
				BB0D9CFF26D102770099B9CA /* DataManager */,
				BB0D9CF126CFF6AB0099B9CA /* Collection */,
				BB0D9CF626D024E00099B9CA /* HomeViewController.swift */,
				BB0D9CF726D024E00099B9CA /* HomeViewController.xib */,
				BB0D9D4B26D25A3B0099B9CA /* Home.storyboard */,
			);
			path = Home;
			sourceTree = "<group>";
		};
		BB0D9CA826CDAF830099B9CA /* Configuration */ = {
			isa = PBXGroup;
			children = (
				BB0D9CAB26CDAF990099B9CA /* Secret */,
				BB0D9CA926CDAF960099B9CA /* Constant.swift */,
			);
			path = Configuration;
			sourceTree = "<group>";
		};
		BB0D9CAB26CDAF990099B9CA /* Secret */ = {
			isa = PBXGroup;
			children = (
				BB0D9CD726CDB55B0099B9CA /* JwtToken.swift */,
			);
			path = Secret;
			sourceTree = "<group>";
		};
		BB0D9CC126CDB0D00099B9CA /* DataManager */ = {
			isa = PBXGroup;
			children = (
				BB0D9CD526CDB5460099B9CA /* LoginDataManager.swift */,
			);
			path = DataManager;
			sourceTree = "<group>";
		};
		BB0D9CC226CDB0D90099B9CA /* Entity */ = {
			isa = PBXGroup;
			children = (
				BB0D9CD326CDB5310099B9CA /* LoginInput.swift */,
				BB0D9CD126CDB5180099B9CA /* LoginResponse.swift */,
			);
			path = Entity;
			sourceTree = "<group>";
		};
		BB0D9CC326CDB0E10099B9CA /* DataManager */ = {
			isa = PBXGroup;
			children = (
				BB0D9CDD26CDB8C00099B9CA /* SignUpDataManager.swift */,
			);
			path = DataManager;
			sourceTree = "<group>";
		};
		BB0D9CC426CDB0EB0099B9CA /* Entity */ = {
			isa = PBXGroup;
			children = (
				BB0D9CD926CDB7F30099B9CA /* SignUpInput.swift */,
				BB0D9CDB26CDB8000099B9CA /* SignUpResponse.swift */,
			);
			path = Entity;
			sourceTree = "<group>";
		};
		BB0D9CF126CFF6AB0099B9CA /* Collection */ = {
			isa = PBXGroup;
			children = (
				BB0D9CF226CFF6E90099B9CA /* BannerCollectionViewCell.swift */,
				BB0D9CF326CFF6E90099B9CA /* BannerCollectionViewCell.xib */,
				BB0D9CFA26D04DD80099B9CA /* StoresCollectionViewCell.swift */,
				BB0D9CFB26D04DD80099B9CA /* StoresCollectionViewCell.xib */,
				BB0D9D5626D2E90F0099B9CA /* StoreCell.swift */,
			);
			path = Collection;
			sourceTree = "<group>";
		};
		BB0D9CFF26D102770099B9CA /* DataManager */ = {
			isa = PBXGroup;
			children = (
				BB0D9D0526D102B40099B9CA /* HomeDataManager.swift */,
			);
			path = DataManager;
			sourceTree = "<group>";
		};
		BB0D9D0026D102800099B9CA /* Entity */ = {
			isa = PBXGroup;
			children = (
				BB0D9D0126D102A20099B9CA /* HomeResponse.swift */,
			);
			path = Entity;
			sourceTree = "<group>";
		};
		BB0D9D5526D2AFBB0099B9CA /* Resource */ = {
			isa = PBXGroup;
			children = (
				BB0D9C6A26CDAC3A0099B9CA /* AppDelegate.swift */,
				BB0D9C6C26CDAC3A0099B9CA /* SceneDelegate.swift */,
				BB0D9C7326CDAC3B0099B9CA /* Assets.xcassets */,
			);
			path = Resource;
			sourceTree = "<group>";
		};
		BB0D9D5826D2FF180099B9CA /* DataManager */ = {
			isa = PBXGroup;
			children = (
				BB0D9D5A26D2FFA60099B9CA /* ProfileDataManager.swift */,
			);
			path = DataManager;
			sourceTree = "<group>";
		};
		BB0D9D5926D2FF230099B9CA /* Entity */ = {
			isa = PBXGroup;
			children = (
				BB0D9D5C26D3155D0099B9CA /* ProfileResponse.swift */,
			);
			path = Entity;
			sourceTree = "<group>";
		};
		E13C8EE5BD88167B58B21588 /* Pods */ = {
			isa = PBXGroup;
			children = (
				9787627A59FA7618C9AFDD40 /* Pods-MangoPlate-iOS-clone.debug.xcconfig */,
				26B291DF1FF1170829807C47 /* Pods-MangoPlate-iOS-clone.release.xcconfig */,
				7221933FB01C29B46F0B6E6E /* Pods-MangoPlate-iOS-clone-MangoPlate-iOS-cloneUITests.debug.xcconfig */,
				6DEE2218E5FB0E306131CF24 /* Pods-MangoPlate-iOS-clone-MangoPlate-iOS-cloneUITests.release.xcconfig */,
				E5F8F35716B7A8FA926E589D /* Pods-MangoPlate-iOS-cloneTests.debug.xcconfig */,
				F2BAC85DEC46C89A6E5B7319 /* Pods-MangoPlate-iOS-cloneTests.release.xcconfig */,
			);
			path = Pods;
			sourceTree = "<group>";
		};
/* End PBXGroup section */

/* Begin PBXNativeTarget section */
		BB0D9C6626CDAC3A0099B9CA /* MangoPlate-iOS-clone */ = {
			isa = PBXNativeTarget;
			buildConfigurationList = BB0D9C9126CDAC3B0099B9CA /* Build configuration list for PBXNativeTarget "MangoPlate-iOS-clone" */;
			buildPhases = (
				CECF0570CD39E2C1A61E7BC9 /* [CP] Check Pods Manifest.lock */,
				BB0D9C6326CDAC3A0099B9CA /* Sources */,
				BB0D9C6426CDAC3A0099B9CA /* Frameworks */,
				BB0D9C6526CDAC3A0099B9CA /* Resources */,
				147B77EEA2A993FA27785AA4 /* [CP] Embed Pods Frameworks */,
			);
			buildRules = (
			);
			dependencies = (
			);
			name = "MangoPlate-iOS-clone";
			productName = "MangoPlate-iOS-clone";
			productReference = BB0D9C6726CDAC3A0099B9CA /* MangoPlate-iOS-clone.app */;
			productType = "com.apple.product-type.application";
		};
		BB0D9C7C26CDAC3B0099B9CA /* MangoPlate-iOS-cloneTests */ = {
			isa = PBXNativeTarget;
			buildConfigurationList = BB0D9C9426CDAC3B0099B9CA /* Build configuration list for PBXNativeTarget "MangoPlate-iOS-cloneTests" */;
			buildPhases = (
				1FD8A6961B78494A0E9AEC86 /* [CP] Check Pods Manifest.lock */,
				BB0D9C7926CDAC3B0099B9CA /* Sources */,
				BB0D9C7A26CDAC3B0099B9CA /* Frameworks */,
				BB0D9C7B26CDAC3B0099B9CA /* Resources */,
			);
			buildRules = (
			);
			dependencies = (
				BB0D9C7F26CDAC3B0099B9CA /* PBXTargetDependency */,
			);
			name = "MangoPlate-iOS-cloneTests";
			productName = "MangoPlate-iOS-cloneTests";
			productReference = BB0D9C7D26CDAC3B0099B9CA /* MangoPlate-iOS-cloneTests.xctest */;
			productType = "com.apple.product-type.bundle.unit-test";
		};
		BB0D9C8726CDAC3B0099B9CA /* MangoPlate-iOS-cloneUITests */ = {
			isa = PBXNativeTarget;
			buildConfigurationList = BB0D9C9726CDAC3B0099B9CA /* Build configuration list for PBXNativeTarget "MangoPlate-iOS-cloneUITests" */;
			buildPhases = (
				2E390A718B6F8022D0176ABD /* [CP] Check Pods Manifest.lock */,
				BB0D9C8426CDAC3B0099B9CA /* Sources */,
				BB0D9C8526CDAC3B0099B9CA /* Frameworks */,
				BB0D9C8626CDAC3B0099B9CA /* Resources */,
				FDD4146AED4D4EEEFB1D330D /* [CP] Embed Pods Frameworks */,
			);
			buildRules = (
			);
			dependencies = (
				BB0D9C8A26CDAC3B0099B9CA /* PBXTargetDependency */,
			);
			name = "MangoPlate-iOS-cloneUITests";
			productName = "MangoPlate-iOS-cloneUITests";
			productReference = BB0D9C8826CDAC3B0099B9CA /* MangoPlate-iOS-cloneUITests.xctest */;
			productType = "com.apple.product-type.bundle.ui-testing";
		};
/* End PBXNativeTarget section */

/* Begin PBXProject section */
		BB0D9C5F26CDAC3A0099B9CA /* Project object */ = {
			isa = PBXProject;
			attributes = {
				LastSwiftUpdateCheck = 1250;
				LastUpgradeCheck = 1250;
				TargetAttributes = {
					BB0D9C6626CDAC3A0099B9CA = {
						CreatedOnToolsVersion = 12.5.1;
					};
					BB0D9C7C26CDAC3B0099B9CA = {
						CreatedOnToolsVersion = 12.5.1;
						TestTargetID = BB0D9C6626CDAC3A0099B9CA;
					};
					BB0D9C8726CDAC3B0099B9CA = {
						CreatedOnToolsVersion = 12.5.1;
						TestTargetID = BB0D9C6626CDAC3A0099B9CA;
					};
				};
			};
			buildConfigurationList = BB0D9C6226CDAC3A0099B9CA /* Build configuration list for PBXProject "MangoPlate-iOS-clone" */;
			compatibilityVersion = "Xcode 9.3";
			developmentRegion = en;
			hasScannedForEncodings = 0;
			knownRegions = (
				en,
				Base,
			);
			mainGroup = BB0D9C5E26CDAC3A0099B9CA;
			productRefGroup = BB0D9C6826CDAC3A0099B9CA /* Products */;
			projectDirPath = "";
			projectRoot = "";
			targets = (
				BB0D9C6626CDAC3A0099B9CA /* MangoPlate-iOS-clone */,
				BB0D9C7C26CDAC3B0099B9CA /* MangoPlate-iOS-cloneTests */,
				BB0D9C8726CDAC3B0099B9CA /* MangoPlate-iOS-cloneUITests */,
			);
		};
/* End PBXProject section */

/* Begin PBXResourcesBuildPhase section */
		BB0D9C6526CDAC3A0099B9CA /* Resources */ = {
			isa = PBXResourcesBuildPhase;
			buildActionMask = 2147483647;
			files = (
				BB0D9CEA26CE4A100099B9CA /* EnterNameViewController.xib in Resources */,
				BB0D9CF526CFF6E90099B9CA /* BannerCollectionViewCell.xib in Resources */,
				BB0D9CCC26CDB1480099B9CA /* LoginViewController.xib in Resources */,
				BB0D9CF926D024E00099B9CA /* HomeViewController.xib in Resources */,
				BB0D9CEE26CED8780099B9CA /* TabBar.storyboard in Resources */,
				BB0D9D5226D25B460099B9CA /* Splash.storyboard in Resources */,
				BB0D9CFD26D04DD80099B9CA /* StoresCollectionViewCell.xib in Resources */,
				BB0D9D0A26D2416B0099B9CA /* Main.storyboard in Resources */,
				BB0D9D5426D266770099B9CA /* LaunchScreen.storyboard in Resources */,
				BB0D9D4E26D25A7E0099B9CA /* Login.storyboard in Resources */,
				BB0D9C7426CDAC3B0099B9CA /* Assets.xcassets in Resources */,
				BB0D9CD026CDB16B0099B9CA /* SignUpViewController.xib in Resources */,
				BB0D9CE226CE18D60099B9CA /* AuthPhoneNumController.xib in Resources */,
				BB0D9CBC26CDB0BC0099B9CA /* NewsViewController.xib in Resources */,
				BB0D9D0826D194CF0099B9CA /* Profile.storyboard in Resources */,
				BB0D9D4C26D25A3B0099B9CA /* Home.storyboard in Resources */,
			);
			runOnlyForDeploymentPostprocessing = 0;
		};
		BB0D9C7B26CDAC3B0099B9CA /* Resources */ = {
			isa = PBXResourcesBuildPhase;
			buildActionMask = 2147483647;
			files = (
			);
			runOnlyForDeploymentPostprocessing = 0;
		};
		BB0D9C8626CDAC3B0099B9CA /* Resources */ = {
			isa = PBXResourcesBuildPhase;
			buildActionMask = 2147483647;
			files = (
			);
			runOnlyForDeploymentPostprocessing = 0;
		};
/* End PBXResourcesBuildPhase section */

/* Begin PBXShellScriptBuildPhase section */
		147B77EEA2A993FA27785AA4 /* [CP] Embed Pods Frameworks */ = {
			isa = PBXShellScriptBuildPhase;
			buildActionMask = 2147483647;
			files = (
			);
			inputFileListPaths = (
				"${PODS_ROOT}/Target Support Files/Pods-MangoPlate-iOS-clone/Pods-MangoPlate-iOS-clone-frameworks-${CONFIGURATION}-input-files.xcfilelist",
			);
			name = "[CP] Embed Pods Frameworks";
			outputFileListPaths = (
				"${PODS_ROOT}/Target Support Files/Pods-MangoPlate-iOS-clone/Pods-MangoPlate-iOS-clone-frameworks-${CONFIGURATION}-output-files.xcfilelist",
			);
			runOnlyForDeploymentPostprocessing = 0;
			shellPath = /bin/sh;
			shellScript = "\"${PODS_ROOT}/Target Support Files/Pods-MangoPlate-iOS-clone/Pods-MangoPlate-iOS-clone-frameworks.sh\"\n";
			showEnvVarsInLog = 0;
		};
		1FD8A6961B78494A0E9AEC86 /* [CP] Check Pods Manifest.lock */ = {
			isa = PBXShellScriptBuildPhase;
			buildActionMask = 2147483647;
			files = (
			);
			inputFileListPaths = (
			);
			inputPaths = (
				"${PODS_PODFILE_DIR_PATH}/Podfile.lock",
				"${PODS_ROOT}/Manifest.lock",
			);
			name = "[CP] Check Pods Manifest.lock";
			outputFileListPaths = (
			);
			outputPaths = (
				"$(DERIVED_FILE_DIR)/Pods-MangoPlate-iOS-cloneTests-checkManifestLockResult.txt",
			);
			runOnlyForDeploymentPostprocessing = 0;
			shellPath = /bin/sh;
			shellScript = "diff \"${PODS_PODFILE_DIR_PATH}/Podfile.lock\" \"${PODS_ROOT}/Manifest.lock\" > /dev/null\nif [ $? != 0 ] ; then\n    # print error to STDERR\n    echo \"error: The sandbox is not in sync with the Podfile.lock. Run 'pod install' or update your CocoaPods installation.\" >&2\n    exit 1\nfi\n# This output is used by Xcode 'outputs' to avoid re-running this script phase.\necho \"SUCCESS\" > \"${SCRIPT_OUTPUT_FILE_0}\"\n";
			showEnvVarsInLog = 0;
		};
		2E390A718B6F8022D0176ABD /* [CP] Check Pods Manifest.lock */ = {
			isa = PBXShellScriptBuildPhase;
			buildActionMask = 2147483647;
			files = (
			);
			inputFileListPaths = (
			);
			inputPaths = (
				"${PODS_PODFILE_DIR_PATH}/Podfile.lock",
				"${PODS_ROOT}/Manifest.lock",
			);
			name = "[CP] Check Pods Manifest.lock";
			outputFileListPaths = (
			);
			outputPaths = (
				"$(DERIVED_FILE_DIR)/Pods-MangoPlate-iOS-clone-MangoPlate-iOS-cloneUITests-checkManifestLockResult.txt",
			);
			runOnlyForDeploymentPostprocessing = 0;
			shellPath = /bin/sh;
			shellScript = "diff \"${PODS_PODFILE_DIR_PATH}/Podfile.lock\" \"${PODS_ROOT}/Manifest.lock\" > /dev/null\nif [ $? != 0 ] ; then\n    # print error to STDERR\n    echo \"error: The sandbox is not in sync with the Podfile.lock. Run 'pod install' or update your CocoaPods installation.\" >&2\n    exit 1\nfi\n# This output is used by Xcode 'outputs' to avoid re-running this script phase.\necho \"SUCCESS\" > \"${SCRIPT_OUTPUT_FILE_0}\"\n";
			showEnvVarsInLog = 0;
		};
		CECF0570CD39E2C1A61E7BC9 /* [CP] Check Pods Manifest.lock */ = {
			isa = PBXShellScriptBuildPhase;
			buildActionMask = 2147483647;
			files = (
			);
			inputFileListPaths = (
			);
			inputPaths = (
				"${PODS_PODFILE_DIR_PATH}/Podfile.lock",
				"${PODS_ROOT}/Manifest.lock",
			);
			name = "[CP] Check Pods Manifest.lock";
			outputFileListPaths = (
			);
			outputPaths = (
				"$(DERIVED_FILE_DIR)/Pods-MangoPlate-iOS-clone-checkManifestLockResult.txt",
			);
			runOnlyForDeploymentPostprocessing = 0;
			shellPath = /bin/sh;
			shellScript = "diff \"${PODS_PODFILE_DIR_PATH}/Podfile.lock\" \"${PODS_ROOT}/Manifest.lock\" > /dev/null\nif [ $? != 0 ] ; then\n    # print error to STDERR\n    echo \"error: The sandbox is not in sync with the Podfile.lock. Run 'pod install' or update your CocoaPods installation.\" >&2\n    exit 1\nfi\n# This output is used by Xcode 'outputs' to avoid re-running this script phase.\necho \"SUCCESS\" > \"${SCRIPT_OUTPUT_FILE_0}\"\n";
			showEnvVarsInLog = 0;
		};
		FDD4146AED4D4EEEFB1D330D /* [CP] Embed Pods Frameworks */ = {
			isa = PBXShellScriptBuildPhase;
			buildActionMask = 2147483647;
			files = (
			);
			inputFileListPaths = (
				"${PODS_ROOT}/Target Support Files/Pods-MangoPlate-iOS-clone-MangoPlate-iOS-cloneUITests/Pods-MangoPlate-iOS-clone-MangoPlate-iOS-cloneUITests-frameworks-${CONFIGURATION}-input-files.xcfilelist",
			);
			name = "[CP] Embed Pods Frameworks";
			outputFileListPaths = (
				"${PODS_ROOT}/Target Support Files/Pods-MangoPlate-iOS-clone-MangoPlate-iOS-cloneUITests/Pods-MangoPlate-iOS-clone-MangoPlate-iOS-cloneUITests-frameworks-${CONFIGURATION}-output-files.xcfilelist",
			);
			runOnlyForDeploymentPostprocessing = 0;
			shellPath = /bin/sh;
			shellScript = "\"${PODS_ROOT}/Target Support Files/Pods-MangoPlate-iOS-clone-MangoPlate-iOS-cloneUITests/Pods-MangoPlate-iOS-clone-MangoPlate-iOS-cloneUITests-frameworks.sh\"\n";
			showEnvVarsInLog = 0;
		};
/* End PBXShellScriptBuildPhase section */

/* Begin PBXSourcesBuildPhase section */
		BB0D9C6326CDAC3A0099B9CA /* Sources */ = {
			isa = PBXSourcesBuildPhase;
			buildActionMask = 2147483647;
			files = (
				BB0D9CCF26CDB16B0099B9CA /* SignUpViewController.swift in Sources */,
				BB0D9D0C26D247D90099B9CA /* ProfileTableViewController.swift in Sources */,
				BB0D9CE126CE18D60099B9CA /* AuthPhoneNumController.swift in Sources */,
				BB0D9CB626CDB0A40099B9CA /* MangoPickViewController.swift in Sources */,
				BB0D9CDC26CDB8000099B9CA /* SignUpResponse.swift in Sources */,
				BB0D9CF026CED88D0099B9CA /* TabBarViewController.swift in Sources */,
				BB0D9CDA26CDB7F30099B9CA /* SignUpInput.swift in Sources */,
				BB0D9CD826CDB55B0099B9CA /* JwtToken.swift in Sources */,
				BB0D9CF826D024E00099B9CA /* HomeViewController.swift in Sources */,
				BB0D9CD226CDB5180099B9CA /* LoginResponse.swift in Sources */,
				BB0D9D0E26D248650099B9CA /* ProfileViewController.swift in Sources */,
				BB0D9C6B26CDAC3A0099B9CA /* AppDelegate.swift in Sources */,
				BB0D9D0626D102B40099B9CA /* HomeDataManager.swift in Sources */,
				BB0D9C6D26CDAC3A0099B9CA /* SceneDelegate.swift in Sources */,
				BB0D9D5726D2E90F0099B9CA /* StoreCell.swift in Sources */,
				BB0D9CAA26CDAF960099B9CA /* Constant.swift in Sources */,
				BB0D9CDE26CDB8C00099B9CA /* SignUpDataManager.swift in Sources */,
				BB0D9D0226D102A20099B9CA /* HomeResponse.swift in Sources */,
				BB0D9CFC26D04DD80099B9CA /* StoresCollectionViewCell.swift in Sources */,
				BB0D9CF426CFF6E90099B9CA /* BannerCollectionViewCell.swift in Sources */,
				BB0D9CAE26CDB00E0099B9CA /* SplashViewController.swift in Sources */,
				BB0D9D5B26D2FFA60099B9CA /* ProfileDataManager.swift in Sources */,
				BB0D9CBB26CDB0BC0099B9CA /* NewsViewController.swift in Sources */,
				BB0D9CCB26CDB1480099B9CA /* LoginViewController.swift in Sources */,
				BB0D9D5D26D3155D0099B9CA /* ProfileResponse.swift in Sources */,
				BB0D9CD426CDB5310099B9CA /* LoginInput.swift in Sources */,
				BB0D9CC726CDB13B0099B9CA /* LoginRequestViewController.swift in Sources */,
				BB0D9CE926CE4A100099B9CA /* EnterNameViewController.swift in Sources */,
				BB0D9CD626CDB5460099B9CA /* LoginDataManager.swift in Sources */,
			);
			runOnlyForDeploymentPostprocessing = 0;
		};
		BB0D9C7926CDAC3B0099B9CA /* Sources */ = {
			isa = PBXSourcesBuildPhase;
			buildActionMask = 2147483647;
			files = (
				BB0D9C8226CDAC3B0099B9CA /* MangoPlate_iOS_cloneTests.swift in Sources */,
			);
			runOnlyForDeploymentPostprocessing = 0;
		};
		BB0D9C8426CDAC3B0099B9CA /* Sources */ = {
			isa = PBXSourcesBuildPhase;
			buildActionMask = 2147483647;
			files = (
				BB0D9C8D26CDAC3B0099B9CA /* MangoPlate_iOS_cloneUITests.swift in Sources */,
			);
			runOnlyForDeploymentPostprocessing = 0;
		};
/* End PBXSourcesBuildPhase section */

/* Begin PBXTargetDependency section */
		BB0D9C7F26CDAC3B0099B9CA /* PBXTargetDependency */ = {
			isa = PBXTargetDependency;
			target = BB0D9C6626CDAC3A0099B9CA /* MangoPlate-iOS-clone */;
			targetProxy = BB0D9C7E26CDAC3B0099B9CA /* PBXContainerItemProxy */;
		};
		BB0D9C8A26CDAC3B0099B9CA /* PBXTargetDependency */ = {
			isa = PBXTargetDependency;
			target = BB0D9C6626CDAC3A0099B9CA /* MangoPlate-iOS-clone */;
			targetProxy = BB0D9C8926CDAC3B0099B9CA /* PBXContainerItemProxy */;
		};
/* End PBXTargetDependency section */

/* Begin XCBuildConfiguration section */
		BB0D9C8F26CDAC3B0099B9CA /* Debug */ = {
			isa = XCBuildConfiguration;
			buildSettings = {
				ALWAYS_SEARCH_USER_PATHS = NO;
				CLANG_ANALYZER_NONNULL = YES;
				CLANG_ANALYZER_NUMBER_OBJECT_CONVERSION = YES_AGGRESSIVE;
				CLANG_CXX_LANGUAGE_STANDARD = "gnu++14";
				CLANG_CXX_LIBRARY = "libc++";
				CLANG_ENABLE_MODULES = YES;
				CLANG_ENABLE_OBJC_ARC = YES;
				CLANG_ENABLE_OBJC_WEAK = YES;
				CLANG_WARN_BLOCK_CAPTURE_AUTORELEASING = YES;
				CLANG_WARN_BOOL_CONVERSION = YES;
				CLANG_WARN_COMMA = YES;
				CLANG_WARN_CONSTANT_CONVERSION = YES;
				CLANG_WARN_DEPRECATED_OBJC_IMPLEMENTATIONS = YES;
				CLANG_WARN_DIRECT_OBJC_ISA_USAGE = YES_ERROR;
				CLANG_WARN_DOCUMENTATION_COMMENTS = YES;
				CLANG_WARN_EMPTY_BODY = YES;
				CLANG_WARN_ENUM_CONVERSION = YES;
				CLANG_WARN_INFINITE_RECURSION = YES;
				CLANG_WARN_INT_CONVERSION = YES;
				CLANG_WARN_NON_LITERAL_NULL_CONVERSION = YES;
				CLANG_WARN_OBJC_IMPLICIT_RETAIN_SELF = YES;
				CLANG_WARN_OBJC_LITERAL_CONVERSION = YES;
				CLANG_WARN_OBJC_ROOT_CLASS = YES_ERROR;
				CLANG_WARN_QUOTED_INCLUDE_IN_FRAMEWORK_HEADER = YES;
				CLANG_WARN_RANGE_LOOP_ANALYSIS = YES;
				CLANG_WARN_STRICT_PROTOTYPES = YES;
				CLANG_WARN_SUSPICIOUS_MOVE = YES;
				CLANG_WARN_UNGUARDED_AVAILABILITY = YES_AGGRESSIVE;
				CLANG_WARN_UNREACHABLE_CODE = YES;
				CLANG_WARN__DUPLICATE_METHOD_MATCH = YES;
				COPY_PHASE_STRIP = NO;
				DEBUG_INFORMATION_FORMAT = dwarf;
				ENABLE_STRICT_OBJC_MSGSEND = YES;
				ENABLE_TESTABILITY = YES;
				GCC_C_LANGUAGE_STANDARD = gnu11;
				GCC_DYNAMIC_NO_PIC = NO;
				GCC_NO_COMMON_BLOCKS = YES;
				GCC_OPTIMIZATION_LEVEL = 0;
				GCC_PREPROCESSOR_DEFINITIONS = (
					"DEBUG=1",
					"$(inherited)",
				);
				GCC_WARN_64_TO_32_BIT_CONVERSION = YES;
				GCC_WARN_ABOUT_RETURN_TYPE = YES_ERROR;
				GCC_WARN_UNDECLARED_SELECTOR = YES;
				GCC_WARN_UNINITIALIZED_AUTOS = YES_AGGRESSIVE;
				GCC_WARN_UNUSED_FUNCTION = YES;
				GCC_WARN_UNUSED_VARIABLE = YES;
				IPHONEOS_DEPLOYMENT_TARGET = 14.5;
				MTL_ENABLE_DEBUG_INFO = INCLUDE_SOURCE;
				MTL_FAST_MATH = YES;
				ONLY_ACTIVE_ARCH = YES;
				SDKROOT = iphoneos;
				SWIFT_ACTIVE_COMPILATION_CONDITIONS = DEBUG;
				SWIFT_OPTIMIZATION_LEVEL = "-Onone";
			};
			name = Debug;
		};
		BB0D9C9026CDAC3B0099B9CA /* Release */ = {
			isa = XCBuildConfiguration;
			buildSettings = {
				ALWAYS_SEARCH_USER_PATHS = NO;
				CLANG_ANALYZER_NONNULL = YES;
				CLANG_ANALYZER_NUMBER_OBJECT_CONVERSION = YES_AGGRESSIVE;
				CLANG_CXX_LANGUAGE_STANDARD = "gnu++14";
				CLANG_CXX_LIBRARY = "libc++";
				CLANG_ENABLE_MODULES = YES;
				CLANG_ENABLE_OBJC_ARC = YES;
				CLANG_ENABLE_OBJC_WEAK = YES;
				CLANG_WARN_BLOCK_CAPTURE_AUTORELEASING = YES;
				CLANG_WARN_BOOL_CONVERSION = YES;
				CLANG_WARN_COMMA = YES;
				CLANG_WARN_CONSTANT_CONVERSION = YES;
				CLANG_WARN_DEPRECATED_OBJC_IMPLEMENTATIONS = YES;
				CLANG_WARN_DIRECT_OBJC_ISA_USAGE = YES_ERROR;
				CLANG_WARN_DOCUMENTATION_COMMENTS = YES;
				CLANG_WARN_EMPTY_BODY = YES;
				CLANG_WARN_ENUM_CONVERSION = YES;
				CLANG_WARN_INFINITE_RECURSION = YES;
				CLANG_WARN_INT_CONVERSION = YES;
				CLANG_WARN_NON_LITERAL_NULL_CONVERSION = YES;
				CLANG_WARN_OBJC_IMPLICIT_RETAIN_SELF = YES;
				CLANG_WARN_OBJC_LITERAL_CONVERSION = YES;
				CLANG_WARN_OBJC_ROOT_CLASS = YES_ERROR;
				CLANG_WARN_QUOTED_INCLUDE_IN_FRAMEWORK_HEADER = YES;
				CLANG_WARN_RANGE_LOOP_ANALYSIS = YES;
				CLANG_WARN_STRICT_PROTOTYPES = YES;
				CLANG_WARN_SUSPICIOUS_MOVE = YES;
				CLANG_WARN_UNGUARDED_AVAILABILITY = YES_AGGRESSIVE;
				CLANG_WARN_UNREACHABLE_CODE = YES;
				CLANG_WARN__DUPLICATE_METHOD_MATCH = YES;
				COPY_PHASE_STRIP = NO;
				DEBUG_INFORMATION_FORMAT = "dwarf-with-dsym";
				ENABLE_NS_ASSERTIONS = NO;
				ENABLE_STRICT_OBJC_MSGSEND = YES;
				GCC_C_LANGUAGE_STANDARD = gnu11;
				GCC_NO_COMMON_BLOCKS = YES;
				GCC_WARN_64_TO_32_BIT_CONVERSION = YES;
				GCC_WARN_ABOUT_RETURN_TYPE = YES_ERROR;
				GCC_WARN_UNDECLARED_SELECTOR = YES;
				GCC_WARN_UNINITIALIZED_AUTOS = YES_AGGRESSIVE;
				GCC_WARN_UNUSED_FUNCTION = YES;
				GCC_WARN_UNUSED_VARIABLE = YES;
				IPHONEOS_DEPLOYMENT_TARGET = 14.5;
				MTL_ENABLE_DEBUG_INFO = NO;
				MTL_FAST_MATH = YES;
				SDKROOT = iphoneos;
				SWIFT_COMPILATION_MODE = wholemodule;
				SWIFT_OPTIMIZATION_LEVEL = "-O";
				VALIDATE_PRODUCT = YES;
			};
			name = Release;
		};
		BB0D9C9226CDAC3B0099B9CA /* Debug */ = {
			isa = XCBuildConfiguration;
			baseConfigurationReference = 9787627A59FA7618C9AFDD40 /* Pods-MangoPlate-iOS-clone.debug.xcconfig */;
			buildSettings = {
				ASSETCATALOG_COMPILER_APPICON_NAME = AppIcon;
				ASSETCATALOG_COMPILER_GLOBAL_ACCENT_COLOR_NAME = AccentColor;
				CODE_SIGN_STYLE = Automatic;
				INFOPLIST_FILE = "MangoPlate-iOS-clone/Info.plist";
				IPHONEOS_DEPLOYMENT_TARGET = 13.4;
				LD_RUNPATH_SEARCH_PATHS = (
					"$(inherited)",
					"@executable_path/Frameworks",
				);
				PRODUCT_BUNDLE_IDENTIFIER = "--------.MangoPlate-iOS-clone";
				PRODUCT_NAME = "$(TARGET_NAME)";
				SWIFT_VERSION = 5.0;
				TARGETED_DEVICE_FAMILY = "1,2";
			};
			name = Debug;
		};
		BB0D9C9326CDAC3B0099B9CA /* Release */ = {
			isa = XCBuildConfiguration;
			baseConfigurationReference = 26B291DF1FF1170829807C47 /* Pods-MangoPlate-iOS-clone.release.xcconfig */;
			buildSettings = {
				ASSETCATALOG_COMPILER_APPICON_NAME = AppIcon;
				ASSETCATALOG_COMPILER_GLOBAL_ACCENT_COLOR_NAME = AccentColor;
				CODE_SIGN_STYLE = Automatic;
				INFOPLIST_FILE = "MangoPlate-iOS-clone/Info.plist";
				IPHONEOS_DEPLOYMENT_TARGET = 13.4;
				LD_RUNPATH_SEARCH_PATHS = (
					"$(inherited)",
					"@executable_path/Frameworks",
				);
				PRODUCT_BUNDLE_IDENTIFIER = "--------.MangoPlate-iOS-clone";
				PRODUCT_NAME = "$(TARGET_NAME)";
				SWIFT_VERSION = 5.0;
				TARGETED_DEVICE_FAMILY = "1,2";
			};
			name = Release;
		};
		BB0D9C9526CDAC3B0099B9CA /* Debug */ = {
			isa = XCBuildConfiguration;
			baseConfigurationReference = E5F8F35716B7A8FA926E589D /* Pods-MangoPlate-iOS-cloneTests.debug.xcconfig */;
			buildSettings = {
				ALWAYS_EMBED_SWIFT_STANDARD_LIBRARIES = YES;
				BUNDLE_LOADER = "$(TEST_HOST)";
				CODE_SIGN_STYLE = Automatic;
				INFOPLIST_FILE = "MangoPlate-iOS-cloneTests/Info.plist";
				IPHONEOS_DEPLOYMENT_TARGET = 14.5;
				LD_RUNPATH_SEARCH_PATHS = (
					"$(inherited)",
					"@executable_path/Frameworks",
					"@loader_path/Frameworks",
				);
				PRODUCT_BUNDLE_IDENTIFIER = "--------.MangoPlate-iOS-cloneTests";
				PRODUCT_NAME = "$(TARGET_NAME)";
				SWIFT_VERSION = 5.0;
				TARGETED_DEVICE_FAMILY = "1,2";
				TEST_HOST = "$(BUILT_PRODUCTS_DIR)/MangoPlate-iOS-clone.app/MangoPlate-iOS-clone";
			};
			name = Debug;
		};
		BB0D9C9626CDAC3B0099B9CA /* Release */ = {
			isa = XCBuildConfiguration;
			baseConfigurationReference = F2BAC85DEC46C89A6E5B7319 /* Pods-MangoPlate-iOS-cloneTests.release.xcconfig */;
			buildSettings = {
				ALWAYS_EMBED_SWIFT_STANDARD_LIBRARIES = YES;
				BUNDLE_LOADER = "$(TEST_HOST)";
				CODE_SIGN_STYLE = Automatic;
				INFOPLIST_FILE = "MangoPlate-iOS-cloneTests/Info.plist";
				IPHONEOS_DEPLOYMENT_TARGET = 14.5;
				LD_RUNPATH_SEARCH_PATHS = (
					"$(inherited)",
					"@executable_path/Frameworks",
					"@loader_path/Frameworks",
				);
				PRODUCT_BUNDLE_IDENTIFIER = "--------.MangoPlate-iOS-cloneTests";
				PRODUCT_NAME = "$(TARGET_NAME)";
				SWIFT_VERSION = 5.0;
				TARGETED_DEVICE_FAMILY = "1,2";
				TEST_HOST = "$(BUILT_PRODUCTS_DIR)/MangoPlate-iOS-clone.app/MangoPlate-iOS-clone";
			};
			name = Release;
		};
		BB0D9C9826CDAC3B0099B9CA /* Debug */ = {
			isa = XCBuildConfiguration;
			baseConfigurationReference = 7221933FB01C29B46F0B6E6E /* Pods-MangoPlate-iOS-clone-MangoPlate-iOS-cloneUITests.debug.xcconfig */;
			buildSettings = {
				ALWAYS_EMBED_SWIFT_STANDARD_LIBRARIES = YES;
				CODE_SIGN_STYLE = Automatic;
				INFOPLIST_FILE = "MangoPlate-iOS-cloneUITests/Info.plist";
				LD_RUNPATH_SEARCH_PATHS = (
					"$(inherited)",
					"@executable_path/Frameworks",
					"@loader_path/Frameworks",
				);
				PRODUCT_BUNDLE_IDENTIFIER = "--------.MangoPlate-iOS-cloneUITests";
				PRODUCT_NAME = "$(TARGET_NAME)";
				SWIFT_VERSION = 5.0;
				TARGETED_DEVICE_FAMILY = "1,2";
				TEST_TARGET_NAME = "MangoPlate-iOS-clone";
			};
			name = Debug;
		};
		BB0D9C9926CDAC3B0099B9CA /* Release */ = {
			isa = XCBuildConfiguration;
			baseConfigurationReference = 6DEE2218E5FB0E306131CF24 /* Pods-MangoPlate-iOS-clone-MangoPlate-iOS-cloneUITests.release.xcconfig */;
			buildSettings = {
				ALWAYS_EMBED_SWIFT_STANDARD_LIBRARIES = YES;
				CODE_SIGN_STYLE = Automatic;
				INFOPLIST_FILE = "MangoPlate-iOS-cloneUITests/Info.plist";
				LD_RUNPATH_SEARCH_PATHS = (
					"$(inherited)",
					"@executable_path/Frameworks",
					"@loader_path/Frameworks",
				);
				PRODUCT_BUNDLE_IDENTIFIER = "--------.MangoPlate-iOS-cloneUITests";
				PRODUCT_NAME = "$(TARGET_NAME)";
				SWIFT_VERSION = 5.0;
				TARGETED_DEVICE_FAMILY = "1,2";
				TEST_TARGET_NAME = "MangoPlate-iOS-clone";
			};
			name = Release;
		};
/* End XCBuildConfiguration section */

/* Begin XCConfigurationList section */
		BB0D9C6226CDAC3A0099B9CA /* Build configuration list for PBXProject "MangoPlate-iOS-clone" */ = {
			isa = XCConfigurationList;
			buildConfigurations = (
				BB0D9C8F26CDAC3B0099B9CA /* Debug */,
				BB0D9C9026CDAC3B0099B9CA /* Release */,
			);
			defaultConfigurationIsVisible = 0;
			defaultConfigurationName = Release;
		};
		BB0D9C9126CDAC3B0099B9CA /* Build configuration list for PBXNativeTarget "MangoPlate-iOS-clone" */ = {
			isa = XCConfigurationList;
			buildConfigurations = (
				BB0D9C9226CDAC3B0099B9CA /* Debug */,
				BB0D9C9326CDAC3B0099B9CA /* Release */,
			);
			defaultConfigurationIsVisible = 0;
			defaultConfigurationName = Release;
		};
		BB0D9C9426CDAC3B0099B9CA /* Build configuration list for PBXNativeTarget "MangoPlate-iOS-cloneTests" */ = {
			isa = XCConfigurationList;
			buildConfigurations = (
				BB0D9C9526CDAC3B0099B9CA /* Debug */,
				BB0D9C9626CDAC3B0099B9CA /* Release */,
			);
			defaultConfigurationIsVisible = 0;
			defaultConfigurationName = Release;
		};
		BB0D9C9726CDAC3B0099B9CA /* Build configuration list for PBXNativeTarget "MangoPlate-iOS-cloneUITests" */ = {
			isa = XCConfigurationList;
			buildConfigurations = (
				BB0D9C9826CDAC3B0099B9CA /* Debug */,
				BB0D9C9926CDAC3B0099B9CA /* Release */,
			);
			defaultConfigurationIsVisible = 0;
			defaultConfigurationName = Release;
		};
/* End XCConfigurationList section */
	};
	rootObject = BB0D9C5F26CDAC3A0099B9CA /* Project object */;
}
